
Microsoft Visual Studio Solution File, Format Version 12.00
# Visual Studio Version 16
VisualStudioVersion = 16.0.31019.35
MinimumVisualStudioVersion = 10.0.40219.1
Project("{FAE04EC0-301F-11D3-BF4B-00C04F79EFBC}") = "DevopsWebApp", "DevopsWebApp\DevopsWebApp.csproj", "{AEA15AC9-FF50-4E48-ACED-DFB405D213CC}"
EndProject
Global
	GlobalSection(SolutionConfigurationPlatforms) = preSolution
		Debug|Any CPU = Debug|Any CPU
		Release|Any CPU = Release|Any CPU
	EndGlobalSection
	GlobalSection(ProjectConfigurationPlatforms) = postSolution
		{AEA15AC9-FF50-4E48-ACED-DFB405D213CC}.Debug|Any CPU.ActiveCfg = Debug|Any CPU
		{AEA15AC9-FF50-4E48-ACED-DFB405D213CC}.Debug|Any CPU.Build.0 = Debug|Any CPU
		{AEA15AC9-FF50-4E48-ACED-DFB405D213CC}.Release|Any CPU.ActiveCfg = Release|Any CPU
		{AEA15AC9-FF50-4E48-ACED-DFB405D213CC}.Release|Any CPU.Build.0 = Release|Any CPU
	EndGlobalSection
	GlobalSection(SolutionProperties) = preSolution
		HideSolutionNode = FALSE
	EndGlobalSection
	GlobalSection(ExtensibilityGlobals) = postSolution
		SolutionGuid = {28158838-FFBA-4536-9A37-2909E1EF6014}
	EndGlobalSection
EndGlobal
